
Microsoft Visual Studio Solution File, Format Version 12.00
# Visual Studio Version 17
VisualStudioVersion = 17.10.35004.147
MinimumVisualStudioVersion = 10.0.40219.1
Project("{FAE04EC0-301F-11D3-BF4B-00C04F79EFBC}") = "Fundamentos", "Fundamentos\Fundamentos.csproj", "{D4C32269-FC38-4F07-8730-2A40816901DD}"
EndProject
Global
	GlobalSection(SolutionConfigurationPlatforms) = preSolution
		Debug|Any CPU = Debug|Any CPU
		Release|Any CPU = Release|Any CPU
	EndGlobalSection
	GlobalSection(ProjectConfigurationPlatforms) = postSolution
		{D4C32269-FC38-4F07-8730-2A40816901DD}.Debug|Any CPU.ActiveCfg = Debug|Any CPU
		{D4C32269-FC38-4F07-8730-2A40816901DD}.Debug|Any CPU.Build.0 = Debug|Any CPU
		{D4C32269-FC38-4F07-8730-2A40816901DD}.Release|Any CPU.ActiveCfg = Release|Any CPU
		{D4C32269-FC38-4F07-8730-2A40816901DD}.Release|Any CPU.Build.0 = Release|Any CPU
	EndGlobalSection
	GlobalSection(SolutionProperties) = preSolution
		HideSolutionNode = FALSE
	EndGlobalSection
	GlobalSection(ExtensibilityGlobals) = postSolution
		SolutionGuid = {9704E4A6-0F55-49FC-A1D3-A8B06F0B73AC}
	EndGlobalSection
EndGlobal
